
Microsoft Visual Studio Solution File, Format Version 12.00
# Visual Studio Version 16
VisualStudioVersion = 16.0.32106.194
MinimumVisualStudioVersion = 10.0.40219.1
Project("{FAE04EC0-301F-11D3-BF4B-00C04F79EFBC}") = "RegistroUsuariosWeb", "RegistroUsuariosWeb\RegistroUsuariosWeb.csproj", "{A09FD7D9-A24D-4022-8F2B-CA915B33F2E7}"
EndProject
Project("{FAE04EC0-301F-11D3-BF4B-00C04F79EFBC}") = "DataAccessLayer", "DataAccess\DataAccessLayer.csproj", "{497F14C8-5D97-464D-881F-03F9A5286520}"
EndProject
Project("{FAE04EC0-301F-11D3-BF4B-00C04F79EFBC}") = "BusinessLogicLayer", "BusinessLogic\BusinessLogicLayer.csproj", "{1D6FCA25-D87D-48B3-B909-CA1C94194049}"
EndProject
Project("{FAE04EC0-301F-11D3-BF4B-00C04F79EFBC}") = "EntityLayer", "DataStructure\EntityLayer.csproj", "{FF3DC13A-AB2C-450B-92EF-3AA52D461C43}"
EndProject
Project("{FAE04EC0-301F-11D3-BF4B-00C04F79EFBC}") = "SeguridadConsole", "SeguridadConsole\SeguridadConsole.csproj", "{B52B4FC1-2D77-4D7B-AB89-1A4EADC17131}"
EndProject
Project("{FAE04EC0-301F-11D3-BF4B-00C04F79EFBC}") = "AvarageHoursWebService", "AvarageHoursWebService\AvarageHoursWebService.csproj", "{DC2A95E9-E936-4000-97B9-5BD96F69EBD8}"
EndProject
Global
	GlobalSection(SolutionConfigurationPlatforms) = preSolution
		Debug|Any CPU = Debug|Any CPU
		Release|Any CPU = Release|Any CPU
	EndGlobalSection
	GlobalSection(ProjectConfigurationPlatforms) = postSolution
		{A09FD7D9-A24D-4022-8F2B-CA915B33F2E7}.Debug|Any CPU.ActiveCfg = Debug|Any CPU
		{A09FD7D9-A24D-4022-8F2B-CA915B33F2E7}.Debug|Any CPU.Build.0 = Debug|Any CPU
		{A09FD7D9-A24D-4022-8F2B-CA915B33F2E7}.Release|Any CPU.ActiveCfg = Release|Any CPU
		{A09FD7D9-A24D-4022-8F2B-CA915B33F2E7}.Release|Any CPU.Build.0 = Release|Any CPU
		{497F14C8-5D97-464D-881F-03F9A5286520}.Debug|Any CPU.ActiveCfg = Debug|Any CPU
		{497F14C8-5D97-464D-881F-03F9A5286520}.Debug|Any CPU.Build.0 = Debug|Any CPU
		{497F14C8-5D97-464D-881F-03F9A5286520}.Release|Any CPU.ActiveCfg = Release|Any CPU
		{497F14C8-5D97-464D-881F-03F9A5286520}.Release|Any CPU.Build.0 = Release|Any CPU
		{1D6FCA25-D87D-48B3-B909-CA1C94194049}.Debug|Any CPU.ActiveCfg = Debug|Any CPU
		{1D6FCA25-D87D-48B3-B909-CA1C94194049}.Debug|Any CPU.Build.0 = Debug|Any CPU
		{1D6FCA25-D87D-48B3-B909-CA1C94194049}.Release|Any CPU.ActiveCfg = Release|Any CPU
		{1D6FCA25-D87D-48B3-B909-CA1C94194049}.Release|Any CPU.Build.0 = Release|Any CPU
		{FF3DC13A-AB2C-450B-92EF-3AA52D461C43}.Debug|Any CPU.ActiveCfg = Debug|Any CPU
		{FF3DC13A-AB2C-450B-92EF-3AA52D461C43}.Debug|Any CPU.Build.0 = Debug|Any CPU
		{FF3DC13A-AB2C-450B-92EF-3AA52D461C43}.Release|Any CPU.ActiveCfg = Release|Any CPU
		{FF3DC13A-AB2C-450B-92EF-3AA52D461C43}.Release|Any CPU.Build.0 = Release|Any CPU
		{B52B4FC1-2D77-4D7B-AB89-1A4EADC17131}.Debug|Any CPU.ActiveCfg = Debug|Any CPU
		{B52B4FC1-2D77-4D7B-AB89-1A4EADC17131}.Debug|Any CPU.Build.0 = Debug|Any CPU
		{B52B4FC1-2D77-4D7B-AB89-1A4EADC17131}.Release|Any CPU.ActiveCfg = Release|Any CPU
		{B52B4FC1-2D77-4D7B-AB89-1A4EADC17131}.Release|Any CPU.Build.0 = Release|Any CPU
		{DC2A95E9-E936-4000-97B9-5BD96F69EBD8}.Debug|Any CPU.ActiveCfg = Debug|Any CPU
		{DC2A95E9-E936-4000-97B9-5BD96F69EBD8}.Debug|Any CPU.Build.0 = Debug|Any CPU
		{DC2A95E9-E936-4000-97B9-5BD96F69EBD8}.Release|Any CPU.ActiveCfg = Release|Any CPU
		{DC2A95E9-E936-4000-97B9-5BD96F69EBD8}.Release|Any CPU.Build.0 = Release|Any CPU
	EndGlobalSection
	GlobalSection(SolutionProperties) = preSolution
		HideSolutionNode = FALSE
	EndGlobalSection
	GlobalSection(ExtensibilityGlobals) = postSolution
		SolutionGuid = {25C9CF01-B0F0-435C-9C61-721B7F96F01C}
	EndGlobalSection
EndGlobal
